{
  "name": "canvas-panel",
  "requires": true,
  "lockfileVersion": 1,
  "dependencies": {
    "@types/react": {
      "version": "16.0.34",
      "resolved": "https://registry.npmjs.org/@types/react/-/react-16.0.34.tgz",
      "integrity":
        "sha512-Ee66fX2qMsDnDq7sPnDtq1bGoo479j6Fo1BlSnne+L5rp6ndzBUgz72+MRNuN56zg9uuteRCkJAMdDJEX2Uqig=="
    }
  }
}
